// !$*UTF8*$!
{
	archiveVersion = 1;
	classes = {
	};
	objectVersion = 50;
	objects = {

/* Begin PBXBuildFile section */
		5046A47C228ADCAA003ECCF0 /* AppDelegate.swift in Sources */ = {isa = PBXBuildFile; fileRef = 5046A47B228ADCAA003ECCF0 /* AppDelegate.swift */; };
		5046A47E228ADCAA003ECCF0 /* GameScene.sks in Resources */ = {isa = PBXBuildFile; fileRef = 5046A47D228ADCAA003ECCF0 /* GameScene.sks */; };
		5046A480228ADCAA003ECCF0 /* Actions.sks in Resources */ = {isa = PBXBuildFile; fileRef = 5046A47F228ADCAA003ECCF0 /* Actions.sks */; };
		5046A482228ADCAA003ECCF0 /* GameScene.swift in Sources */ = {isa = PBXBuildFile; fileRef = 5046A481228ADCAA003ECCF0 /* GameScene.swift */; };
		5046A484228ADCAA003ECCF0 /* GameViewController.swift in Sources */ = {isa = PBXBuildFile; fileRef = 5046A483228ADCAA003ECCF0 /* GameViewController.swift */; };
		5046A487228ADCAA003ECCF0 /* Main.storyboard in Resources */ = {isa = PBXBuildFile; fileRef = 5046A485228ADCAA003ECCF0 /* Main.storyboard */; };
		5046A489228ADCAC003ECCF0 /* Assets.xcassets in Resources */ = {isa = PBXBuildFile; fileRef = 5046A488228ADCAC003ECCF0 /* Assets.xcassets */; };
		5046A48C228ADCAC003ECCF0 /* LaunchScreen.storyboard in Resources */ = {isa = PBXBuildFile; fileRef = 5046A48A228ADCAC003ECCF0 /* LaunchScreen.storyboard */; };
		5046A494228ADE25003ECCF0 /* racket.swift in Sources */ = {isa = PBXBuildFile; fileRef = 5046A493228ADE25003ECCF0 /* racket.swift */; };
		5046A496228D81B5003ECCF0 /* ScoreLabel.swift in Sources */ = {isa = PBXBuildFile; fileRef = 5046A495228D81B5003ECCF0 /* ScoreLabel.swift */; };
		5046A498228E66A3003ECCF0 /* Ball.swift in Sources */ = {isa = PBXBuildFile; fileRef = 5046A497228E66A3003ECCF0 /* Ball.swift */; };
		5046A49A228E69FD003ECCF0 /* GameLogic.swift in Sources */ = {isa = PBXBuildFile; fileRef = 5046A499228E69FD003ECCF0 /* GameLogic.swift */; };
		5046A49C22927D1A003ECCF0 /* PlayerLife.swift in Sources */ = {isa = PBXBuildFile; fileRef = 5046A49B22927D1A003ECCF0 /* PlayerLife.swift */; };
/* End PBXBuildFile section */

/* Begin PBXFileReference section */
		5046A478228ADCAA003ECCF0 /* PingPong.app */ = {isa = PBXFileReference; explicitFileType = wrapper.application; includeInIndex = 0; path = PingPong.app; sourceTree = BUILT_PRODUCTS_DIR; };
		5046A47B228ADCAA003ECCF0 /* AppDelegate.swift */ = {isa = PBXFileReference; lastKnownFileType = sourcecode.swift; path = AppDelegate.swift; sourceTree = "<group>"; };
		5046A47D228ADCAA003ECCF0 /* GameScene.sks */ = {isa = PBXFileReference; lastKnownFileType = file.sks; path = GameScene.sks; sourceTree = "<group>"; };
		5046A47F228ADCAA003ECCF0 /* Actions.sks */ = {isa = PBXFileReference; lastKnownFileType = file.sks; path = Actions.sks; sourceTree = "<group>"; };
		5046A481228ADCAA003ECCF0 /* GameScene.swift */ = {isa = PBXFileReference; lastKnownFileType = sourcecode.swift; path = GameScene.swift; sourceTree = "<group>"; };
		5046A483228ADCAA003ECCF0 /* GameViewController.swift */ = {isa = PBXFileReference; lastKnownFileType = sourcecode.swift; path = GameViewController.swift; sourceTree = "<group>"; };
		5046A486228ADCAA003ECCF0 /* Base */ = {isa = PBXFileReference; lastKnownFileType = file.storyboard; name = Base; path = Base.lproj/Main.storyboard; sourceTree = "<group>"; };
		5046A488228ADCAC003ECCF0 /* Assets.xcassets */ = {isa = PBXFileReference; lastKnownFileType = folder.assetcatalog; path = Assets.xcassets; sourceTree = "<group>"; };
		5046A48B228ADCAC003ECCF0 /* Base */ = {isa = PBXFileReference; lastKnownFileType = file.storyboard; name = Base; path = Base.lproj/LaunchScreen.storyboard; sourceTree = "<group>"; };
		5046A48D228ADCAC003ECCF0 /* Info.plist */ = {isa = PBXFileReference; lastKnownFileType = text.plist.xml; path = Info.plist; sourceTree = "<group>"; };
		5046A493228ADE25003ECCF0 /* racket.swift */ = {isa = PBXFileReference; lastKnownFileType = sourcecode.swift; path = racket.swift; sourceTree = "<group>"; };
		5046A495228D81B5003ECCF0 /* ScoreLabel.swift */ = {isa = PBXFileReference; lastKnownFileType = sourcecode.swift; path = ScoreLabel.swift; sourceTree = "<group>"; };
		5046A497228E66A3003ECCF0 /* Ball.swift */ = {isa = PBXFileReference; lastKnownFileType = sourcecode.swift; path = Ball.swift; sourceTree = "<group>"; };
		5046A499228E69FD003ECCF0 /* GameLogic.swift */ = {isa = PBXFileReference; lastKnownFileType = sourcecode.swift; path = GameLogic.swift; sourceTree = "<group>"; };
		5046A49B22927D1A003ECCF0 /* PlayerLife.swift */ = {isa = PBXFileReference; lastKnownFileType = sourcecode.swift; path = PlayerLife.swift; sourceTree = "<group>"; };
/* End PBXFileReference section */

/* Begin PBXFrameworksBuildPhase section */
		5046A475228ADCAA003ECCF0 /* Frameworks */ = {
			isa = PBXFrameworksBuildPhase;
			buildActionMask = 2147483647;
			files = (
			);
			runOnlyForDeploymentPostprocessing = 0;
		};
/* End PBXFrameworksBuildPhase section */

/* Begin PBXGroup section */
		5046A46F228ADCAA003ECCF0 = {
			isa = PBXGroup;
			children = (
				5046A47A228ADCAA003ECCF0 /* PingPong */,
				5046A479228ADCAA003ECCF0 /* Products */,
			);
			sourceTree = "<group>";
		};
		5046A479228ADCAA003ECCF0 /* Products */ = {
			isa = PBXGroup;
			children = (
				5046A478228ADCAA003ECCF0 /* PingPong.app */,
			);
			name = Products;
			sourceTree = "<group>";
		};
		5046A47A228ADCAA003ECCF0 /* PingPong */ = {
			isa = PBXGroup;
			children = (
				5046A47B228ADCAA003ECCF0 /* AppDelegate.swift */,
				5046A47D228ADCAA003ECCF0 /* GameScene.sks */,
				5046A47F228ADCAA003ECCF0 /* Actions.sks */,
				5046A481228ADCAA003ECCF0 /* GameScene.swift */,
				5046A483228ADCAA003ECCF0 /* GameViewController.swift */,
				5046A485228ADCAA003ECCF0 /* Main.storyboard */,
				5046A488228ADCAC003ECCF0 /* Assets.xcassets */,
				5046A48A228ADCAC003ECCF0 /* LaunchScreen.storyboard */,
				5046A48D228ADCAC003ECCF0 /* Info.plist */,
				5046A493228ADE25003ECCF0 /* racket.swift */,
				5046A495228D81B5003ECCF0 /* ScoreLabel.swift */,
				5046A49B22927D1A003ECCF0 /* PlayerLife.swift */,
				5046A497228E66A3003ECCF0 /* Ball.swift */,
				5046A499228E69FD003ECCF0 /* GameLogic.swift */,
			);
			path = PingPong;
			sourceTree = "<group>";
		};
/* End PBXGroup section */

/* Begin PBXNativeTarget section */
		5046A477228ADCAA003ECCF0 /* PingPong */ = {
			isa = PBXNativeTarget;
			buildConfigurationList = 5046A490228ADCAC003ECCF0 /* Build configuration list for PBXNativeTarget "PingPong" */;
			buildPhases = (
				5046A474228ADCAA003ECCF0 /* Sources */,
				5046A475228ADCAA003ECCF0 /* Frameworks */,
				5046A476228ADCAA003ECCF0 /* Resources */,
			);
			buildRules = (
			);
			dependencies = (
			);
			name = PingPong;
			productName = PingPong;
			productReference = 5046A478228ADCAA003ECCF0 /* PingPong.app */;
			productType = "com.apple.product-type.application";
		};
/* End PBXNativeTarget section */

/* Begin PBXProject section */
		5046A470228ADCAA003ECCF0 /* Project object */ = {
			isa = PBXProject;
			attributes = {
				LastSwiftUpdateCheck = 1020;
				LastUpgradeCheck = 1020;
				ORGANIZATIONNAME = "Tomozi Peter";
				TargetAttributes = {
					5046A477228ADCAA003ECCF0 = {
						CreatedOnToolsVersion = 10.2.1;
					};
				};
			};
			buildConfigurationList = 5046A473228ADCAA003ECCF0 /* Build configuration list for PBXProject "PingPong" */;
			compatibilityVersion = "Xcode 9.3";
			developmentRegion = en;
			hasScannedForEncodings = 0;
			knownRegions = (
				en,
				Base,
			);
			mainGroup = 5046A46F228ADCAA003ECCF0;
			productRefGroup = 5046A479228ADCAA003ECCF0 /* Products */;
			projectDirPath = "";
			projectRoot = "";
			targets = (
				5046A477228ADCAA003ECCF0 /* PingPong */,
			);
		};
/* End PBXProject section */

/* Begin PBXResourcesBuildPhase section */
		5046A476228ADCAA003ECCF0 /* Resources */ = {
			isa = PBXResourcesBuildPhase;
			buildActionMask = 2147483647;
			files = (
				5046A487228ADCAA003ECCF0 /* Main.storyboard in Resources */,
				5046A47E228ADCAA003ECCF0 /* GameScene.sks in Resources */,
				5046A489228ADCAC003ECCF0 /* Assets.xcassets in Resources */,
				5046A48C228ADCAC003ECCF0 /* LaunchScreen.storyboard in Resources */,
				5046A480228ADCAA003ECCF0 /* Actions.sks in Resources */,
			);
			runOnlyForDeploymentPostprocessing = 0;
		};
/* End PBXResourcesBuildPhase section */

/* Begin PBXSourcesBuildPhase section */
		5046A474228ADCAA003ECCF0 /* Sources */ = {
			isa = PBXSourcesBuildPhase;
			buildActionMask = 2147483647;
			files = (
				5046A49C22927D1A003ECCF0 /* PlayerLife.swift in Sources */,
				5046A498228E66A3003ECCF0 /* Ball.swift in Sources */,
				5046A482228ADCAA003ECCF0 /* GameScene.swift in Sources */,
				5046A494228ADE25003ECCF0 /* racket.swift in Sources */,
				5046A484228ADCAA003ECCF0 /* GameViewController.swift in Sources */,
				5046A496228D81B5003ECCF0 /* ScoreLabel.swift in Sources */,
				5046A47C228ADCAA003ECCF0 /* AppDelegate.swift in Sources */,
				5046A49A228E69FD003ECCF0 /* GameLogic.swift in Sources */,
			);
			runOnlyForDeploymentPostprocessing = 0;
		};
/* End PBXSourcesBuildPhase section */

/* Begin PBXVariantGroup section */
		5046A485228ADCAA003ECCF0 /* Main.storyboard */ = {
			isa = PBXVariantGroup;
			children = (
				5046A486228ADCAA003ECCF0 /* Base */,
			);
			name = Main.storyboard;
			sourceTree = "<group>";
		};
		5046A48A228ADCAC003ECCF0 /* LaunchScreen.storyboard */ = {
			isa = PBXVariantGroup;
			children = (
				5046A48B228ADCAC003ECCF0 /* Base */,
			);
			name = LaunchScreen.storyboard;
			sourceTree = "<group>";
		};
/* End PBXVariantGroup section */

/* Begin XCBuildConfiguration section */
		5046A48E228ADCAC003ECCF0 /* Debug */ = {
			isa = XCBuildConfiguration;
			buildSettings = {
				ALWAYS_SEARCH_USER_PATHS = NO;
				CLANG_ANALYZER_NONNULL = YES;
				CLANG_ANALYZER_NUMBER_OBJECT_CONVERSION = YES_AGGRESSIVE;
				CLANG_CXX_LANGUAGE_STANDARD = "gnu++14";
				CLANG_CXX_LIBRARY = "libc++";
				CLANG_ENABLE_MODULES = YES;
				CLANG_ENABLE_OBJC_ARC = YES;
				CLANG_ENABLE_OBJC_WEAK = YES;
				CLANG_WARN_BLOCK_CAPTURE_AUTORELEASING = YES;
				CLANG_WARN_BOOL_CONVERSION = YES;
				CLANG_WARN_COMMA = YES;
				CLANG_WARN_CONSTANT_CONVERSION = YES;
				CLANG_WARN_DEPRECATED_OBJC_IMPLEMENTATIONS = YES;
				CLANG_WARN_DIRECT_OBJC_ISA_USAGE = YES_ERROR;
				CLANG_WARN_DOCUMENTATION_COMMENTS = YES;
				CLANG_WARN_EMPTY_BODY = YES;
				CLANG_WARN_ENUM_CONVERSION = YES;
				CLANG_WARN_INFINITE_RECURSION = YES;
				CLANG_WARN_INT_CONVERSION = YES;
				CLANG_WARN_NON_LITERAL_NULL_CONVERSION = YES;
				CLANG_WARN_OBJC_IMPLICIT_RETAIN_SELF = YES;
				CLANG_WARN_OBJC_LITERAL_CONVERSION = YES;
				CLANG_WARN_OBJC_ROOT_CLASS = YES_ERROR;
				CLANG_WARN_RANGE_LOOP_ANALYSIS = YES;
				CLANG_WARN_STRICT_PROTOTYPES = YES;
				CLANG_WARN_SUSPICIOUS_MOVE = YES;
				CLANG_WARN_UNGUARDED_AVAILABILITY = YES_AGGRESSIVE;
				CLANG_WARN_UNREACHABLE_CODE = YES;
				CLANG_WARN__DUPLICATE_METHOD_MATCH = YES;
				CODE_SIGN_IDENTITY = "iPhone Developer";
				COPY_PHASE_STRIP = NO;
				DEBUG_INFORMATION_FORMAT = dwarf;
				ENABLE_STRICT_OBJC_MSGSEND = YES;
				ENABLE_TESTABILITY = YES;
				GCC_C_LANGUAGE_STANDARD = gnu11;
				GCC_DYNAMIC_NO_PIC = NO;
				GCC_NO_COMMON_BLOCKS = YES;
				GCC_OPTIMIZATION_LEVEL = 0;
				GCC_PREPROCESSOR_DEFINITIONS = (
					"DEBUG=1",
					"$(inherited)",
				);
				GCC_WARN_64_TO_32_BIT_CONVERSION = YES;
				GCC_WARN_ABOUT_RETURN_TYPE = YES_ERROR;
				GCC_WARN_UNDECLARED_SELECTOR = YES;
				GCC_WARN_UNINITIALIZED_AUTOS = YES_AGGRESSIVE;
				GCC_WARN_UNUSED_FUNCTION = YES;
				GCC_WARN_UNUSED_VARIABLE = YES;
				IPHONEOS_DEPLOYMENT_TARGET = 12.2;
				MTL_ENABLE_DEBUG_INFO = INCLUDE_SOURCE;
				MTL_FAST_MATH = YES;
				ONLY_ACTIVE_ARCH = YES;
				SDKROOT = iphoneos;
				SWIFT_ACTIVE_COMPILATION_CONDITIONS = DEBUG;
				SWIFT_OPTIMIZATION_LEVEL = "-Onone";
			};
			name = Debug;
		};
		5046A48F228ADCAC003ECCF0 /* Release */ = {
			isa = XCBuildConfiguration;
			buildSettings = {
				ALWAYS_SEARCH_USER_PATHS = NO;
				CLANG_ANALYZER_NONNULL = YES;
				CLANG_ANALYZER_NUMBER_OBJECT_CONVERSION = YES_AGGRESSIVE;
				CLANG_CXX_LANGUAGE_STANDARD = "gnu++14";
				CLANG_CXX_LIBRARY = "libc++";
				CLANG_ENABLE_MODULES = YES;
				CLANG_ENABLE_OBJC_ARC = YES;
				CLANG_ENABLE_OBJC_WEAK = YES;
				CLANG_WARN_BLOCK_CAPTURE_AUTORELEASING = YES;
				CLANG_WARN_BOOL_CONVERSION = YES;
				CLANG_WARN_COMMA = YES;
				CLANG_WARN_CONSTANT_CONVERSION = YES;
				CLANG_WARN_DEPRECATED_OBJC_IMPLEMENTATIONS = YES;
				CLANG_WARN_DIRECT_OBJC_ISA_USAGE = YES_ERROR;
				CLANG_WARN_DOCUMENTATION_COMMENTS = YES;
				CLANG_WARN_EMPTY_BODY = YES;
				CLANG_WARN_ENUM_CONVERSION = YES;
				CLANG_WARN_INFINITE_RECURSION = YES;
				CLANG_WARN_INT_CONVERSION = YES;
				CLANG_WARN_NON_LITERAL_NULL_CONVERSION = YES;
				CLANG_WARN_OBJC_IMPLICIT_RETAIN_SELF = YES;
				CLANG_WARN_OBJC_LITERAL_CONVERSION = YES;
				CLANG_WARN_OBJC_ROOT_CLASS = YES_ERROR;
				CLANG_WARN_RANGE_LOOP_ANALYSIS = YES;
				CLANG_WARN_STRICT_PROTOTYPES = YES;
				CLANG_WARN_SUSPICIOUS_MOVE = YES;
				CLANG_WARN_UNGUARDED_AVAILABILITY = YES_AGGRESSIVE;
				CLANG_WARN_UNREACHABLE_CODE = YES;
				CLANG_WARN__DUPLICATE_METHOD_MATCH = YES;
				CODE_SIGN_IDENTITY = "iPhone Developer";
				COPY_PHASE_STRIP = NO;
				DEBUG_INFORMATION_FORMAT = "dwarf-with-dsym";
				ENABLE_NS_ASSERTIONS = NO;
				ENABLE_STRICT_OBJC_MSGSEND = YES;
				GCC_C_LANGUAGE_STANDARD = gnu11;
				GCC_NO_COMMON_BLOCKS = YES;
				GCC_WARN_64_TO_32_BIT_CONVERSION = YES;
				GCC_WARN_ABOUT_RETURN_TYPE = YES_ERROR;
				GCC_WARN_UNDECLARED_SELECTOR = YES;
				GCC_WARN_UNINITIALIZED_AUTOS = YES_AGGRESSIVE;
				GCC_WARN_UNUSED_FUNCTION = YES;
				GCC_WARN_UNUSED_VARIABLE = YES;
				IPHONEOS_DEPLOYMENT_TARGET = 12.2;
				MTL_ENABLE_DEBUG_INFO = NO;
				MTL_FAST_MATH = YES;
				SDKROOT = iphoneos;
				SWIFT_COMPILATION_MODE = wholemodule;
				SWIFT_OPTIMIZATION_LEVEL = "-O";
				VALIDATE_PRODUCT = YES;
			};
			name = Release;
		};
		5046A491228ADCAC003ECCF0 /* Debug */ = {
			isa = XCBuildConfiguration;
			buildSettings = {
				ASSETCATALOG_COMPILER_APPICON_NAME = AppIcon;
				CODE_SIGN_STYLE = Automatic;
				DEVELOPMENT_TEAM = 93R2SNPR4U;
				INFOPLIST_FILE = PingPong/Info.plist;
				LD_RUNPATH_SEARCH_PATHS = (
					"$(inherited)",
					"@executable_path/Frameworks",
				);
				PRODUCT_BUNDLE_IDENTIFIER = p2mozisoft.PingPong;
				PRODUCT_NAME = "$(TARGET_NAME)";
				SWIFT_VERSION = 5.0;
				TARGETED_DEVICE_FAMILY = "1,2";
			};
			name = Debug;
		};
		5046A492228ADCAC003ECCF0 /* Release */ = {
			isa = XCBuildConfiguration;
			buildSettings = {
				ASSETCATALOG_COMPILER_APPICON_NAME = AppIcon;
				CODE_SIGN_STYLE = Automatic;
				DEVELOPMENT_TEAM = 93R2SNPR4U;
				INFOPLIST_FILE = PingPong/Info.plist;
				LD_RUNPATH_SEARCH_PATHS = (
					"$(inherited)",
					"@executable_path/Frameworks",
				);
				PRODUCT_BUNDLE_IDENTIFIER = p2mozisoft.PingPong;
				PRODUCT_NAME = "$(TARGET_NAME)";
				SWIFT_VERSION = 5.0;
				TARGETED_DEVICE_FAMILY = "1,2";
			};
			name = Release;
		};
/* End XCBuildConfiguration section */

/* Begin XCConfigurationList section */
		5046A473228ADCAA003ECCF0 /* Build configuration list for PBXProject "PingPong" */ = {
			isa = XCConfigurationList;
			buildConfigurations = (
				5046A48E228ADCAC003ECCF0 /* Debug */,
				5046A48F228ADCAC003ECCF0 /* Release */,
			);
			defaultConfigurationIsVisible = 0;
			defaultConfigurationName = Release;
		};
		5046A490228ADCAC003ECCF0 /* Build configuration list for PBXNativeTarget "PingPong" */ = {
			isa = XCConfigurationList;
			buildConfigurations = (
				5046A491228ADCAC003ECCF0 /* Debug */,
				5046A492228ADCAC003ECCF0 /* Release */,
			);
			defaultConfigurationIsVisible = 0;
			defaultConfigurationName = Release;
		};
/* End XCConfigurationList section */
	};
	rootObject = 5046A470228ADCAA003ECCF0 /* Project object */;
}
